// !$*UTF8*$!
{
	archiveVersion = 1;
	classes = {
	};
	objectVersion = 51;
	objects = {

/* Begin PBXBuildFile section */
		04362CA725E7E0F2002920E0 /* CallAPI.swift in Sources */ = {isa = PBXBuildFile; fileRef = 04362CA625E7E0F2002920E0 /* CallAPI.swift */; };
		04362CAC25E7E208002920E0 /* URLSession+Rx.swift in Sources */ = {isa = PBXBuildFile; fileRef = 04362CAB25E7E208002920E0 /* URLSession+Rx.swift */; };
		045BBB9125EA1C6D002DF0D1 /* HistoryViewController.swift in Sources */ = {isa = PBXBuildFile; fileRef = 045BBB9025EA1C6D002DF0D1 /* HistoryViewController.swift */; };
		045BBB9325EA2052002DF0D1 /* StorageTool.swift in Sources */ = {isa = PBXBuildFile; fileRef = 045BBB9225EA2052002DF0D1 /* StorageTool.swift */; };
		045BBB9525EBEB30002DF0D1 /* DetailCell.swift in Sources */ = {isa = PBXBuildFile; fileRef = 045BBB9425EBEB30002DF0D1 /* DetailCell.swift */; };
		045BBB9725ED2C6E002DF0D1 /* TimeInterval+Date.swift in Sources */ = {isa = PBXBuildFile; fileRef = 045BBB9625ED2C6E002DF0D1 /* TimeInterval+Date.swift */; };
		045BBB9925ED2D3C002DF0D1 /* DetailViewController.swift in Sources */ = {isa = PBXBuildFile; fileRef = 045BBB9825ED2D3C002DF0D1 /* DetailViewController.swift */; };
		045BBBD725ED3EDD002DF0D1 /* callloopTests.swift in Sources */ = {isa = PBXBuildFile; fileRef = 04DB501325E689AF00226D54 /* callloopTests.swift */; };
		045BBBD925ED3F47002DF0D1 /* callloopUITests.swift in Sources */ = {isa = PBXBuildFile; fileRef = 04DB501E25E689AF00226D54 /* callloopUITests.swift */; };
		04DB4FFD25E689AC00226D54 /* AppDelegate.swift in Sources */ = {isa = PBXBuildFile; fileRef = 04DB4FFC25E689AC00226D54 /* AppDelegate.swift */; };
		04DB4FFF25E689AC00226D54 /* SceneDelegate.swift in Sources */ = {isa = PBXBuildFile; fileRef = 04DB4FFE25E689AC00226D54 /* SceneDelegate.swift */; };
		04DB500125E689AC00226D54 /* ViewController.swift in Sources */ = {isa = PBXBuildFile; fileRef = 04DB500025E689AC00226D54 /* ViewController.swift */; };
		04DB500425E689AC00226D54 /* Main.storyboard in Resources */ = {isa = PBXBuildFile; fileRef = 04DB500225E689AC00226D54 /* Main.storyboard */; };
		04DB500625E689AE00226D54 /* Assets.xcassets in Resources */ = {isa = PBXBuildFile; fileRef = 04DB500525E689AE00226D54 /* Assets.xcassets */; };
		04DB500925E689AE00226D54 /* LaunchScreen.storyboard in Resources */ = {isa = PBXBuildFile; fileRef = 04DB500725E689AE00226D54 /* LaunchScreen.storyboard */; };
		0D6D441283D0BFC4585C42E9 /* Pods_callloop.framework in Frameworks */ = {isa = PBXBuildFile; fileRef = D58D5F8A0E61722D4D197374 /* Pods_callloop.framework */; };
		709C77C33A73D02D038B72F0 /* Pods_callloopTests.framework in Frameworks */ = {isa = PBXBuildFile; fileRef = A2B1D4A2F018884A8C6B7AE0 /* Pods_callloopTests.framework */; };
/* End PBXBuildFile section */

/* Begin PBXContainerItemProxy section */
		04DB501025E689AF00226D54 /* PBXContainerItemProxy */ = {
			isa = PBXContainerItemProxy;
			containerPortal = 04DB4FF125E689AC00226D54 /* Project object */;
			proxyType = 1;
			remoteGlobalIDString = 04DB4FF825E689AC00226D54;
			remoteInfo = callloop;
		};
		04DB501B25E689AF00226D54 /* PBXContainerItemProxy */ = {
			isa = PBXContainerItemProxy;
			containerPortal = 04DB4FF125E689AC00226D54 /* Project object */;
			proxyType = 1;
			remoteGlobalIDString = 04DB4FF825E689AC00226D54;
			remoteInfo = callloop;
		};
/* End PBXContainerItemProxy section */

/* Begin PBXFileReference section */
		04362CA625E7E0F2002920E0 /* CallAPI.swift */ = {isa = PBXFileReference; lastKnownFileType = sourcecode.swift; path = CallAPI.swift; sourceTree = "<group>"; };
		04362CAB25E7E208002920E0 /* URLSession+Rx.swift */ = {isa = PBXFileReference; lastKnownFileType = sourcecode.swift; path = "URLSession+Rx.swift"; sourceTree = "<group>"; };
		045BBB9025EA1C6D002DF0D1 /* HistoryViewController.swift */ = {isa = PBXFileReference; lastKnownFileType = sourcecode.swift; path = HistoryViewController.swift; sourceTree = "<group>"; };
		045BBB9225EA2052002DF0D1 /* StorageTool.swift */ = {isa = PBXFileReference; lastKnownFileType = sourcecode.swift; path = StorageTool.swift; sourceTree = "<group>"; };
		045BBB9425EBEB30002DF0D1 /* DetailCell.swift */ = {isa = PBXFileReference; lastKnownFileType = sourcecode.swift; path = DetailCell.swift; sourceTree = "<group>"; };
		045BBB9625ED2C6E002DF0D1 /* TimeInterval+Date.swift */ = {isa = PBXFileReference; lastKnownFileType = sourcecode.swift; path = "TimeInterval+Date.swift"; sourceTree = "<group>"; };
		045BBB9825ED2D3C002DF0D1 /* DetailViewController.swift */ = {isa = PBXFileReference; lastKnownFileType = sourcecode.swift; path = DetailViewController.swift; sourceTree = "<group>"; };
		04DB4FF925E689AC00226D54 /* callloop.app */ = {isa = PBXFileReference; explicitFileType = wrapper.application; includeInIndex = 0; path = callloop.app; sourceTree = BUILT_PRODUCTS_DIR; };
		04DB4FFC25E689AC00226D54 /* AppDelegate.swift */ = {isa = PBXFileReference; lastKnownFileType = sourcecode.swift; path = AppDelegate.swift; sourceTree = "<group>"; };
		04DB4FFE25E689AC00226D54 /* SceneDelegate.swift */ = {isa = PBXFileReference; lastKnownFileType = sourcecode.swift; path = SceneDelegate.swift; sourceTree = "<group>"; };
		04DB500025E689AC00226D54 /* ViewController.swift */ = {isa = PBXFileReference; lastKnownFileType = sourcecode.swift; path = ViewController.swift; sourceTree = "<group>"; };
		04DB500325E689AC00226D54 /* Base */ = {isa = PBXFileReference; lastKnownFileType = file.storyboard; name = Base; path = Base.lproj/Main.storyboard; sourceTree = "<group>"; };
		04DB500525E689AE00226D54 /* Assets.xcassets */ = {isa = PBXFileReference; lastKnownFileType = folder.assetcatalog; path = Assets.xcassets; sourceTree = "<group>"; };
		04DB500825E689AE00226D54 /* Base */ = {isa = PBXFileReference; lastKnownFileType = file.storyboard; name = Base; path = Base.lproj/LaunchScreen.storyboard; sourceTree = "<group>"; };
		04DB500A25E689AE00226D54 /* Info.plist */ = {isa = PBXFileReference; lastKnownFileType = text.plist.xml; path = Info.plist; sourceTree = "<group>"; };
		04DB500F25E689AF00226D54 /* callloopTests.xctest */ = {isa = PBXFileReference; explicitFileType = wrapper.cfbundle; includeInIndex = 0; path = callloopTests.xctest; sourceTree = BUILT_PRODUCTS_DIR; };
		04DB501325E689AF00226D54 /* callloopTests.swift */ = {isa = PBXFileReference; lastKnownFileType = sourcecode.swift; path = callloopTests.swift; sourceTree = "<group>"; };
		04DB501525E689AF00226D54 /* Info.plist */ = {isa = PBXFileReference; lastKnownFileType = text.plist.xml; path = Info.plist; sourceTree = "<group>"; };
		04DB501A25E689AF00226D54 /* callloopUITests.xctest */ = {isa = PBXFileReference; explicitFileType = wrapper.cfbundle; includeInIndex = 0; path = callloopUITests.xctest; sourceTree = BUILT_PRODUCTS_DIR; };
		04DB501E25E689AF00226D54 /* callloopUITests.swift */ = {isa = PBXFileReference; lastKnownFileType = sourcecode.swift; path = callloopUITests.swift; sourceTree = "<group>"; };
		04DB502025E689AF00226D54 /* Info.plist */ = {isa = PBXFileReference; lastKnownFileType = text.plist.xml; path = Info.plist; sourceTree = "<group>"; };
		149E94AA1655ADA674FE335B /* Pods-callloopTests.debug.xcconfig */ = {isa = PBXFileReference; includeInIndex = 1; lastKnownFileType = text.xcconfig; name = "Pods-callloopTests.debug.xcconfig"; path = "Target Support Files/Pods-callloopTests/Pods-callloopTests.debug.xcconfig"; sourceTree = "<group>"; };
		36085B603E19A05D9EAC0445 /* Pods-callloopTests.release.xcconfig */ = {isa = PBXFileReference; includeInIndex = 1; lastKnownFileType = text.xcconfig; name = "Pods-callloopTests.release.xcconfig"; path = "Target Support Files/Pods-callloopTests/Pods-callloopTests.release.xcconfig"; sourceTree = "<group>"; };
		608D300BC6A0215B775E29DC /* Pods-callloop.release.xcconfig */ = {isa = PBXFileReference; includeInIndex = 1; lastKnownFileType = text.xcconfig; name = "Pods-callloop.release.xcconfig"; path = "Target Support Files/Pods-callloop/Pods-callloop.release.xcconfig"; sourceTree = "<group>"; };
		A2B1D4A2F018884A8C6B7AE0 /* Pods_callloopTests.framework */ = {isa = PBXFileReference; explicitFileType = wrapper.framework; includeInIndex = 0; path = Pods_callloopTests.framework; sourceTree = BUILT_PRODUCTS_DIR; };
		D58D5F8A0E61722D4D197374 /* Pods_callloop.framework */ = {isa = PBXFileReference; explicitFileType = wrapper.framework; includeInIndex = 0; path = Pods_callloop.framework; sourceTree = BUILT_PRODUCTS_DIR; };
		FD93EF3E23CB47DA10E42830 /* Pods-callloop.debug.xcconfig */ = {isa = PBXFileReference; includeInIndex = 1; lastKnownFileType = text.xcconfig; name = "Pods-callloop.debug.xcconfig"; path = "Target Support Files/Pods-callloop/Pods-callloop.debug.xcconfig"; sourceTree = "<group>"; };
/* End PBXFileReference section */

/* Begin PBXFrameworksBuildPhase section */
		04DB4FF625E689AC00226D54 /* Frameworks */ = {
			isa = PBXFrameworksBuildPhase;
			buildActionMask = 2147483647;
			files = (
				0D6D441283D0BFC4585C42E9 /* Pods_callloop.framework in Frameworks */,
			);
			runOnlyForDeploymentPostprocessing = 0;
		};
		04DB500C25E689AF00226D54 /* Frameworks */ = {
			isa = PBXFrameworksBuildPhase;
			buildActionMask = 2147483647;
			files = (
				709C77C33A73D02D038B72F0 /* Pods_callloopTests.framework in Frameworks */,
			);
			runOnlyForDeploymentPostprocessing = 0;
		};
		04DB501725E689AF00226D54 /* Frameworks */ = {
			isa = PBXFrameworksBuildPhase;
			buildActionMask = 2147483647;
			files = (
			);
			runOnlyForDeploymentPostprocessing = 0;
		};
/* End PBXFrameworksBuildPhase section */

/* Begin PBXGroup section */
		04362CA825E7E1CD002920E0 /* Extension */ = {
			isa = PBXGroup;
			children = (
				04362CAB25E7E208002920E0 /* URLSession+Rx.swift */,
				045BBB9625ED2C6E002DF0D1 /* TimeInterval+Date.swift */,
			);
			path = Extension;
			sourceTree = "<group>";
		};
		04362CAD25E7F5CD002920E0 /* Model */ = {
			isa = PBXGroup;
			children = (
			);
			path = Model;
			sourceTree = "<group>";
		};
		04DB4FF025E689AC00226D54 = {
			isa = PBXGroup;
			children = (
				04DB4FFB25E689AC00226D54 /* callloop */,
				04DB501225E689AF00226D54 /* callloopTests */,
				04DB501D25E689AF00226D54 /* callloopUITests */,
				04DB4FFA25E689AC00226D54 /* Products */,
				2FEDCB8BD8D1C82009E5A4B0 /* Pods */,
				6868525455DAF7955B3FB5FF /* Frameworks */,
			);
			sourceTree = "<group>";
		};
		04DB4FFA25E689AC00226D54 /* Products */ = {
			isa = PBXGroup;
			children = (
				04DB4FF925E689AC00226D54 /* callloop.app */,
				04DB500F25E689AF00226D54 /* callloopTests.xctest */,
				04DB501A25E689AF00226D54 /* callloopUITests.xctest */,
			);
			name = Products;
			sourceTree = "<group>";
		};
		04DB4FFB25E689AC00226D54 /* callloop */ = {
			isa = PBXGroup;
			children = (
				04DB4FFC25E689AC00226D54 /* AppDelegate.swift */,
				04DB4FFE25E689AC00226D54 /* SceneDelegate.swift */,
				04DB500025E689AC00226D54 /* ViewController.swift */,
				045BBB9025EA1C6D002DF0D1 /* HistoryViewController.swift */,
				045BBB9825ED2D3C002DF0D1 /* DetailViewController.swift */,
				045BBB9425EBEB30002DF0D1 /* DetailCell.swift */,
				04362CAD25E7F5CD002920E0 /* Model */,
				04362CA825E7E1CD002920E0 /* Extension */,
				04362CA625E7E0F2002920E0 /* CallAPI.swift */,
				045BBB9225EA2052002DF0D1 /* StorageTool.swift */,
				04DB500225E689AC00226D54 /* Main.storyboard */,
				04DB500525E689AE00226D54 /* Assets.xcassets */,
				04DB500725E689AE00226D54 /* LaunchScreen.storyboard */,
				04DB500A25E689AE00226D54 /* Info.plist */,
			);
			path = callloop;
			sourceTree = "<group>";
		};
		04DB501225E689AF00226D54 /* callloopTests */ = {
			isa = PBXGroup;
			children = (
				04DB501325E689AF00226D54 /* callloopTests.swift */,
				04DB501525E689AF00226D54 /* Info.plist */,
			);
			path = callloopTests;
			sourceTree = "<group>";
		};
		04DB501D25E689AF00226D54 /* callloopUITests */ = {
			isa = PBXGroup;
			children = (
				04DB501E25E689AF00226D54 /* callloopUITests.swift */,
				04DB502025E689AF00226D54 /* Info.plist */,
			);
			path = callloopUITests;
			sourceTree = "<group>";
		};
		2FEDCB8BD8D1C82009E5A4B0 /* Pods */ = {
			isa = PBXGroup;
			children = (
				FD93EF3E23CB47DA10E42830 /* Pods-callloop.debug.xcconfig */,
				608D300BC6A0215B775E29DC /* Pods-callloop.release.xcconfig */,
				149E94AA1655ADA674FE335B /* Pods-callloopTests.debug.xcconfig */,
				36085B603E19A05D9EAC0445 /* Pods-callloopTests.release.xcconfig */,
			);
			path = Pods;
			sourceTree = "<group>";
		};
		6868525455DAF7955B3FB5FF /* Frameworks */ = {
			isa = PBXGroup;
			children = (
				D58D5F8A0E61722D4D197374 /* Pods_callloop.framework */,
				A2B1D4A2F018884A8C6B7AE0 /* Pods_callloopTests.framework */,
			);
			name = Frameworks;
			sourceTree = "<group>";
		};
/* End PBXGroup section */

/* Begin PBXNativeTarget section */
		04DB4FF825E689AC00226D54 /* callloop */ = {
			isa = PBXNativeTarget;
			buildConfigurationList = 04DB502325E689AF00226D54 /* Build configuration list for PBXNativeTarget "callloop" */;
			buildPhases = (
				E74DD2654D4A21E686A5C7DE /* [CP] Check Pods Manifest.lock */,
				04DB4FF525E689AC00226D54 /* Sources */,
				04DB4FF625E689AC00226D54 /* Frameworks */,
				04DB4FF725E689AC00226D54 /* Resources */,
				F6228C1931EC6BBE935CE1CF /* [CP] Embed Pods Frameworks */,
			);
			buildRules = (
			);
			dependencies = (
			);
			name = callloop;
			productName = callloop;
			productReference = 04DB4FF925E689AC00226D54 /* callloop.app */;
			productType = "com.apple.product-type.application";
		};
		04DB500E25E689AF00226D54 /* callloopTests */ = {
			isa = PBXNativeTarget;
			buildConfigurationList = 04DB502625E689AF00226D54 /* Build configuration list for PBXNativeTarget "callloopTests" */;
			buildPhases = (
				0E9937B341A5477912220603 /* [CP] Check Pods Manifest.lock */,
				04DB500B25E689AF00226D54 /* Sources */,
				04DB500C25E689AF00226D54 /* Frameworks */,
				04DB500D25E689AF00226D54 /* Resources */,
				99734DE078E01A3EF26CDAE3 /* [CP] Embed Pods Frameworks */,
			);
			buildRules = (
			);
			dependencies = (
				04DB501125E689AF00226D54 /* PBXTargetDependency */,
			);
			name = callloopTests;
			productName = callloopTests;
			productReference = 04DB500F25E689AF00226D54 /* callloopTests.xctest */;
			productType = "com.apple.product-type.bundle.unit-test";
		};
		04DB501925E689AF00226D54 /* callloopUITests */ = {
			isa = PBXNativeTarget;
			buildConfigurationList = 04DB502925E689AF00226D54 /* Build configuration list for PBXNativeTarget "callloopUITests" */;
			buildPhases = (
				04DB501625E689AF00226D54 /* Sources */,
				04DB501725E689AF00226D54 /* Frameworks */,
				04DB501825E689AF00226D54 /* Resources */,
			);
			buildRules = (
			);
			dependencies = (
				04DB501C25E689AF00226D54 /* PBXTargetDependency */,
			);
			name = callloopUITests;
			productName = callloopUITests;
			productReference = 04DB501A25E689AF00226D54 /* callloopUITests.xctest */;
			productType = "com.apple.product-type.bundle.ui-testing";
		};
/* End PBXNativeTarget section */

/* Begin PBXProject section */
		04DB4FF125E689AC00226D54 /* Project object */ = {
			isa = PBXProject;
			attributes = {
				LastSwiftUpdateCheck = 1110;
				LastUpgradeCheck = 1110;
				ORGANIZATIONNAME = watts;
				TargetAttributes = {
					04DB4FF825E689AC00226D54 = {
						CreatedOnToolsVersion = 11.1;
					};
					04DB500E25E689AF00226D54 = {
						CreatedOnToolsVersion = 11.1;
						TestTargetID = 04DB4FF825E689AC00226D54;
					};
					04DB501925E689AF00226D54 = {
						CreatedOnToolsVersion = 11.1;
						TestTargetID = 04DB4FF825E689AC00226D54;
					};
				};
			};
			buildConfigurationList = 04DB4FF425E689AC00226D54 /* Build configuration list for PBXProject "callloop" */;
			compatibilityVersion = "Xcode 9.3";
			developmentRegion = en;
			hasScannedForEncodings = 0;
			knownRegions = (
				en,
				Base,
			);
			mainGroup = 04DB4FF025E689AC00226D54;
			productRefGroup = 04DB4FFA25E689AC00226D54 /* Products */;
			projectDirPath = "";
			projectRoot = "";
			targets = (
				04DB4FF825E689AC00226D54 /* callloop */,
				04DB500E25E689AF00226D54 /* callloopTests */,
				04DB501925E689AF00226D54 /* callloopUITests */,
			);
		};
/* End PBXProject section */

/* Begin PBXResourcesBuildPhase section */
		04DB4FF725E689AC00226D54 /* Resources */ = {
			isa = PBXResourcesBuildPhase;
			buildActionMask = 2147483647;
			files = (
				04DB500925E689AE00226D54 /* LaunchScreen.storyboard in Resources */,
				04DB500625E689AE00226D54 /* Assets.xcassets in Resources */,
				04DB500425E689AC00226D54 /* Main.storyboard in Resources */,
			);
			runOnlyForDeploymentPostprocessing = 0;
		};
		04DB500D25E689AF00226D54 /* Resources */ = {
			isa = PBXResourcesBuildPhase;
			buildActionMask = 2147483647;
			files = (
			);
			runOnlyForDeploymentPostprocessing = 0;
		};
		04DB501825E689AF00226D54 /* Resources */ = {
			isa = PBXResourcesBuildPhase;
			buildActionMask = 2147483647;
			files = (
			);
			runOnlyForDeploymentPostprocessing = 0;
		};
/* End PBXResourcesBuildPhase section */

/* Begin PBXShellScriptBuildPhase section */
		0E9937B341A5477912220603 /* [CP] Check Pods Manifest.lock */ = {
			isa = PBXShellScriptBuildPhase;
			buildActionMask = 2147483647;
			files = (
			);
			inputFileListPaths = (
			);
			inputPaths = (
				"${PODS_PODFILE_DIR_PATH}/Podfile.lock",
				"${PODS_ROOT}/Manifest.lock",
			);
			name = "[CP] Check Pods Manifest.lock";
			outputFileListPaths = (
			);
			outputPaths = (
				"$(DERIVED_FILE_DIR)/Pods-callloopTests-checkManifestLockResult.txt",
			);
			runOnlyForDeploymentPostprocessing = 0;
			shellPath = /bin/sh;
			shellScript = "diff \"${PODS_PODFILE_DIR_PATH}/Podfile.lock\" \"${PODS_ROOT}/Manifest.lock\" > /dev/null\nif [ $? != 0 ] ; then\n    # print error to STDERR\n    echo \"error: The sandbox is not in sync with the Podfile.lock. Run 'pod install' or update your CocoaPods installation.\" >&2\n    exit 1\nfi\n# This output is used by Xcode 'outputs' to avoid re-running this script phase.\necho \"SUCCESS\" > \"${SCRIPT_OUTPUT_FILE_0}\"\n";
			showEnvVarsInLog = 0;
		};
		99734DE078E01A3EF26CDAE3 /* [CP] Embed Pods Frameworks */ = {
			isa = PBXShellScriptBuildPhase;
			buildActionMask = 2147483647;
			files = (
			);
			inputFileListPaths = (
				"${PODS_ROOT}/Target Support Files/Pods-callloopTests/Pods-callloopTests-frameworks-${CONFIGURATION}-input-files.xcfilelist",
			);
			name = "[CP] Embed Pods Frameworks";
			outputFileListPaths = (
				"${PODS_ROOT}/Target Support Files/Pods-callloopTests/Pods-callloopTests-frameworks-${CONFIGURATION}-output-files.xcfilelist",
			);
			runOnlyForDeploymentPostprocessing = 0;
			shellPath = /bin/sh;
			shellScript = "\"${PODS_ROOT}/Target Support Files/Pods-callloopTests/Pods-callloopTests-frameworks.sh\"\n";
			showEnvVarsInLog = 0;
		};
		E74DD2654D4A21E686A5C7DE /* [CP] Check Pods Manifest.lock */ = {
			isa = PBXShellScriptBuildPhase;
			buildActionMask = 2147483647;
			files = (
			);
			inputFileListPaths = (
			);
			inputPaths = (
				"${PODS_PODFILE_DIR_PATH}/Podfile.lock",
				"${PODS_ROOT}/Manifest.lock",
			);
			name = "[CP] Check Pods Manifest.lock";
			outputFileListPaths = (
			);
			outputPaths = (
				"$(DERIVED_FILE_DIR)/Pods-callloop-checkManifestLockResult.txt",
			);
			runOnlyForDeploymentPostprocessing = 0;
			shellPath = /bin/sh;
			shellScript = "diff \"${PODS_PODFILE_DIR_PATH}/Podfile.lock\" \"${PODS_ROOT}/Manifest.lock\" > /dev/null\nif [ $? != 0 ] ; then\n    # print error to STDERR\n    echo \"error: The sandbox is not in sync with the Podfile.lock. Run 'pod install' or update your CocoaPods installation.\" >&2\n    exit 1\nfi\n# This output is used by Xcode 'outputs' to avoid re-running this script phase.\necho \"SUCCESS\" > \"${SCRIPT_OUTPUT_FILE_0}\"\n";
			showEnvVarsInLog = 0;
		};
		F6228C1931EC6BBE935CE1CF /* [CP] Embed Pods Frameworks */ = {
			isa = PBXShellScriptBuildPhase;
			buildActionMask = 2147483647;
			files = (
			);
			inputFileListPaths = (
				"${PODS_ROOT}/Target Support Files/Pods-callloop/Pods-callloop-frameworks-${CONFIGURATION}-input-files.xcfilelist",
			);
			name = "[CP] Embed Pods Frameworks";
			outputFileListPaths = (
				"${PODS_ROOT}/Target Support Files/Pods-callloop/Pods-callloop-frameworks-${CONFIGURATION}-output-files.xcfilelist",
			);
			runOnlyForDeploymentPostprocessing = 0;
			shellPath = /bin/sh;
			shellScript = "\"${PODS_ROOT}/Target Support Files/Pods-callloop/Pods-callloop-frameworks.sh\"\n";
			showEnvVarsInLog = 0;
		};
/* End PBXShellScriptBuildPhase section */

/* Begin PBXSourcesBuildPhase section */
		04DB4FF525E689AC00226D54 /* Sources */ = {
			isa = PBXSourcesBuildPhase;
			buildActionMask = 2147483647;
			files = (
				04DB500125E689AC00226D54 /* ViewController.swift in Sources */,
				045BBB9325EA2052002DF0D1 /* StorageTool.swift in Sources */,
				04362CAC25E7E208002920E0 /* URLSession+Rx.swift in Sources */,
				045BBB9725ED2C6E002DF0D1 /* TimeInterval+Date.swift in Sources */,
				04DB4FFD25E689AC00226D54 /* AppDelegate.swift in Sources */,
				045BBB9125EA1C6D002DF0D1 /* HistoryViewController.swift in Sources */,
				04362CA725E7E0F2002920E0 /* CallAPI.swift in Sources */,
				045BBB9925ED2D3C002DF0D1 /* DetailViewController.swift in Sources */,
				045BBB9525EBEB30002DF0D1 /* DetailCell.swift in Sources */,
				04DB4FFF25E689AC00226D54 /* SceneDelegate.swift in Sources */,
			);
			runOnlyForDeploymentPostprocessing = 0;
		};
		04DB500B25E689AF00226D54 /* Sources */ = {
			isa = PBXSourcesBuildPhase;
			buildActionMask = 2147483647;
			files = (
				045BBBD725ED3EDD002DF0D1 /* callloopTests.swift in Sources */,
			);
			runOnlyForDeploymentPostprocessing = 0;
		};
		04DB501625E689AF00226D54 /* Sources */ = {
			isa = PBXSourcesBuildPhase;
			buildActionMask = 2147483647;
			files = (
				045BBBD925ED3F47002DF0D1 /* callloopUITests.swift in Sources */,
			);
			runOnlyForDeploymentPostprocessing = 0;
		};
/* End PBXSourcesBuildPhase section */

/* Begin PBXTargetDependency section */
		04DB501125E689AF00226D54 /* PBXTargetDependency */ = {
			isa = PBXTargetDependency;
			target = 04DB4FF825E689AC00226D54 /* callloop */;
			targetProxy = 04DB501025E689AF00226D54 /* PBXContainerItemProxy */;
		};
		04DB501C25E689AF00226D54 /* PBXTargetDependency */ = {
			isa = PBXTargetDependency;
			target = 04DB4FF825E689AC00226D54 /* callloop */;
			targetProxy = 04DB501B25E689AF00226D54 /* PBXContainerItemProxy */;
		};
/* End PBXTargetDependency section */

/* Begin PBXVariantGroup section */
		04DB500225E689AC00226D54 /* Main.storyboard */ = {
			isa = PBXVariantGroup;
			children = (
				04DB500325E689AC00226D54 /* Base */,
			);
			name = Main.storyboard;
			sourceTree = "<group>";
		};
		04DB500725E689AE00226D54 /* LaunchScreen.storyboard */ = {
			isa = PBXVariantGroup;
			children = (
				04DB500825E689AE00226D54 /* Base */,
			);
			name = LaunchScreen.storyboard;
			sourceTree = "<group>";
		};
/* End PBXVariantGroup section */

/* Begin XCBuildConfiguration section */
		04DB502125E689AF00226D54 /* Debug */ = {
			isa = XCBuildConfiguration;
			buildSettings = {
				ALWAYS_SEARCH_USER_PATHS = NO;
				CLANG_ANALYZER_NONNULL = YES;
				CLANG_ANALYZER_NUMBER_OBJECT_CONVERSION = YES_AGGRESSIVE;
				CLANG_CXX_LANGUAGE_STANDARD = "gnu++14";
				CLANG_CXX_LIBRARY = "libc++";
				CLANG_ENABLE_MODULES = YES;
				CLANG_ENABLE_OBJC_ARC = YES;
				CLANG_ENABLE_OBJC_WEAK = YES;
				CLANG_WARN_BLOCK_CAPTURE_AUTORELEASING = YES;
				CLANG_WARN_BOOL_CONVERSION = YES;
				CLANG_WARN_COMMA = YES;
				CLANG_WARN_CONSTANT_CONVERSION = YES;
				CLANG_WARN_DEPRECATED_OBJC_IMPLEMENTATIONS = YES;
				CLANG_WARN_DIRECT_OBJC_ISA_USAGE = YES_ERROR;
				CLANG_WARN_DOCUMENTATION_COMMENTS = YES;
				CLANG_WARN_EMPTY_BODY = YES;
				CLANG_WARN_ENUM_CONVERSION = YES;
				CLANG_WARN_INFINITE_RECURSION = YES;
				CLANG_WARN_INT_CONVERSION = YES;
				CLANG_WARN_NON_LITERAL_NULL_CONVERSION = YES;
				CLANG_WARN_OBJC_IMPLICIT_RETAIN_SELF = YES;
				CLANG_WARN_OBJC_LITERAL_CONVERSION = YES;
				CLANG_WARN_OBJC_ROOT_CLASS = YES_ERROR;
				CLANG_WARN_RANGE_LOOP_ANALYSIS = YES;
				CLANG_WARN_STRICT_PROTOTYPES = YES;
				CLANG_WARN_SUSPICIOUS_MOVE = YES;
				CLANG_WARN_UNGUARDED_AVAILABILITY = YES_AGGRESSIVE;
				CLANG_WARN_UNREACHABLE_CODE = YES;
				CLANG_WARN__DUPLICATE_METHOD_MATCH = YES;
				COPY_PHASE_STRIP = NO;
				DEBUG_INFORMATION_FORMAT = dwarf;
				ENABLE_STRICT_OBJC_MSGSEND = YES;
				ENABLE_TESTABILITY = YES;
				GCC_C_LANGUAGE_STANDARD = gnu11;
				GCC_DYNAMIC_NO_PIC = NO;
				GCC_NO_COMMON_BLOCKS = YES;
				GCC_OPTIMIZATION_LEVEL = 0;
				GCC_PREPROCESSOR_DEFINITIONS = (
					"DEBUG=1",
					"$(inherited)",
				);
				GCC_WARN_64_TO_32_BIT_CONVERSION = YES;
				GCC_WARN_ABOUT_RETURN_TYPE = YES_ERROR;
				GCC_WARN_UNDECLARED_SELECTOR = YES;
				GCC_WARN_UNINITIALIZED_AUTOS = YES_AGGRESSIVE;
				GCC_WARN_UNUSED_FUNCTION = YES;
				GCC_WARN_UNUSED_VARIABLE = YES;
				IPHONEOS_DEPLOYMENT_TARGET = 13.1;
				MTL_ENABLE_DEBUG_INFO = INCLUDE_SOURCE;
				MTL_FAST_MATH = YES;
				ONLY_ACTIVE_ARCH = YES;
				SDKROOT = iphoneos;
				SWIFT_ACTIVE_COMPILATION_CONDITIONS = DEBUG;
				SWIFT_OPTIMIZATION_LEVEL = "-Onone";
			};
			name = Debug;
		};
		04DB502225E689AF00226D54 /* Release */ = {
			isa = XCBuildConfiguration;
			buildSettings = {
				ALWAYS_SEARCH_USER_PATHS = NO;
				CLANG_ANALYZER_NONNULL = YES;
				CLANG_ANALYZER_NUMBER_OBJECT_CONVERSION = YES_AGGRESSIVE;
				CLANG_CXX_LANGUAGE_STANDARD = "gnu++14";
				CLANG_CXX_LIBRARY = "libc++";
				CLANG_ENABLE_MODULES = YES;
				CLANG_ENABLE_OBJC_ARC = YES;
				CLANG_ENABLE_OBJC_WEAK = YES;
				CLANG_WARN_BLOCK_CAPTURE_AUTORELEASING = YES;
				CLANG_WARN_BOOL_CONVERSION = YES;
				CLANG_WARN_COMMA = YES;
				CLANG_WARN_CONSTANT_CONVERSION = YES;
				CLANG_WARN_DEPRECATED_OBJC_IMPLEMENTATIONS = YES;
				CLANG_WARN_DIRECT_OBJC_ISA_USAGE = YES_ERROR;
				CLANG_WARN_DOCUMENTATION_COMMENTS = YES;
				CLANG_WARN_EMPTY_BODY = YES;
				CLANG_WARN_ENUM_CONVERSION = YES;
				CLANG_WARN_INFINITE_RECURSION = YES;
				CLANG_WARN_INT_CONVERSION = YES;
				CLANG_WARN_NON_LITERAL_NULL_CONVERSION = YES;
				CLANG_WARN_OBJC_IMPLICIT_RETAIN_SELF = YES;
				CLANG_WARN_OBJC_LITERAL_CONVERSION = YES;
				CLANG_WARN_OBJC_ROOT_CLASS = YES_ERROR;
				CLANG_WARN_RANGE_LOOP_ANALYSIS = YES;
				CLANG_WARN_STRICT_PROTOTYPES = YES;
				CLANG_WARN_SUSPICIOUS_MOVE = YES;
				CLANG_WARN_UNGUARDED_AVAILABILITY = YES_AGGRESSIVE;
				CLANG_WARN_UNREACHABLE_CODE = YES;
				CLANG_WARN__DUPLICATE_METHOD_MATCH = YES;
				COPY_PHASE_STRIP = NO;
				DEBUG_INFORMATION_FORMAT = "dwarf-with-dsym";
				ENABLE_NS_ASSERTIONS = NO;
				ENABLE_STRICT_OBJC_MSGSEND = YES;
				GCC_C_LANGUAGE_STANDARD = gnu11;
				GCC_NO_COMMON_BLOCKS = YES;
				GCC_WARN_64_TO_32_BIT_CONVERSION = YES;
				GCC_WARN_ABOUT_RETURN_TYPE = YES_ERROR;
				GCC_WARN_UNDECLARED_SELECTOR = YES;
				GCC_WARN_UNINITIALIZED_AUTOS = YES_AGGRESSIVE;
				GCC_WARN_UNUSED_FUNCTION = YES;
				GCC_WARN_UNUSED_VARIABLE = YES;
				IPHONEOS_DEPLOYMENT_TARGET = 13.1;
				MTL_ENABLE_DEBUG_INFO = NO;
				MTL_FAST_MATH = YES;
				SDKROOT = iphoneos;
				SWIFT_COMPILATION_MODE = wholemodule;
				SWIFT_OPTIMIZATION_LEVEL = "-O";
				VALIDATE_PRODUCT = YES;
			};
			name = Release;
		};
		04DB502425E689AF00226D54 /* Debug */ = {
			isa = XCBuildConfiguration;
			baseConfigurationReference = FD93EF3E23CB47DA10E42830 /* Pods-callloop.debug.xcconfig */;
			buildSettings = {
				ASSETCATALOG_COMPILER_APPICON_NAME = AppIcon;
				CODE_SIGN_STYLE = Automatic;
				INFOPLIST_FILE = callloop/Info.plist;
				IPHONEOS_DEPLOYMENT_TARGET = 13.1;
				LD_RUNPATH_SEARCH_PATHS = (
					"$(inherited)",
					"@executable_path/Frameworks",
				);
				PRODUCT_BUNDLE_IDENTIFIER = com.normal.callloop;
				PRODUCT_NAME = "$(TARGET_NAME)";
				SWIFT_VERSION = 5.0;
				TARGETED_DEVICE_FAMILY = "1,2";
			};
			name = Debug;
		};
		04DB502525E689AF00226D54 /* Release */ = {
			isa = XCBuildConfiguration;
			baseConfigurationReference = 608D300BC6A0215B775E29DC /* Pods-callloop.release.xcconfig */;
			buildSettings = {
				ASSETCATALOG_COMPILER_APPICON_NAME = AppIcon;
				CODE_SIGN_STYLE = Automatic;
				INFOPLIST_FILE = callloop/Info.plist;
				IPHONEOS_DEPLOYMENT_TARGET = 13.1;
				LD_RUNPATH_SEARCH_PATHS = (
					"$(inherited)",
					"@executable_path/Frameworks",
				);
				PRODUCT_BUNDLE_IDENTIFIER = com.normal.callloop;
				PRODUCT_NAME = "$(TARGET_NAME)";
				SWIFT_VERSION = 5.0;
				TARGETED_DEVICE_FAMILY = "1,2";
			};
			name = Release;
		};
		04DB502725E689AF00226D54 /* Debug */ = {
			isa = XCBuildConfiguration;
			baseConfigurationReference = 149E94AA1655ADA674FE335B /* Pods-callloopTests.debug.xcconfig */;
			buildSettings = {
				ALWAYS_EMBED_SWIFT_STANDARD_LIBRARIES = YES;
				BUNDLE_LOADER = "$(TEST_HOST)";
				CODE_SIGN_STYLE = Automatic;
				INFOPLIST_FILE = callloopTests/Info.plist;
				IPHONEOS_DEPLOYMENT_TARGET = 13.1;
				LD_RUNPATH_SEARCH_PATHS = (
					"$(inherited)",
					"@executable_path/Frameworks",
					"@loader_path/Frameworks",
				);
				PRODUCT_BUNDLE_IDENTIFIER = com.normal.callloopTests;
				PRODUCT_NAME = "$(TARGET_NAME)";
				SWIFT_VERSION = 5.0;
				TARGETED_DEVICE_FAMILY = "1,2";
				TEST_HOST = "$(BUILT_PRODUCTS_DIR)/callloop.app/callloop";
			};
			name = Debug;
		};
		04DB502825E689AF00226D54 /* Release */ = {
			isa = XCBuildConfiguration;
			baseConfigurationReference = 36085B603E19A05D9EAC0445 /* Pods-callloopTests.release.xcconfig */;
			buildSettings = {
				ALWAYS_EMBED_SWIFT_STANDARD_LIBRARIES = YES;
				BUNDLE_LOADER = "$(TEST_HOST)";
				CODE_SIGN_STYLE = Automatic;
				INFOPLIST_FILE = callloopTests/Info.plist;
				IPHONEOS_DEPLOYMENT_TARGET = 13.1;
				LD_RUNPATH_SEARCH_PATHS = (
					"$(inherited)",
					"@executable_path/Frameworks",
					"@loader_path/Frameworks",
				);
				PRODUCT_BUNDLE_IDENTIFIER = com.normal.callloopTests;
				PRODUCT_NAME = "$(TARGET_NAME)";
				SWIFT_VERSION = 5.0;
				TARGETED_DEVICE_FAMILY = "1,2";
				TEST_HOST = "$(BUILT_PRODUCTS_DIR)/callloop.app/callloop";
			};
			name = Release;
		};
		04DB502A25E689AF00226D54 /* Debug */ = {
			isa = XCBuildConfiguration;
			buildSettings = {
				ALWAYS_EMBED_SWIFT_STANDARD_LIBRARIES = YES;
				CODE_SIGN_STYLE = Automatic;
				INFOPLIST_FILE = callloopUITests/Info.plist;
				LD_RUNPATH_SEARCH_PATHS = (
					"$(inherited)",
					"@executable_path/Frameworks",
					"@loader_path/Frameworks",
				);
				PRODUCT_BUNDLE_IDENTIFIER = com.normal.callloopUITests;
				PRODUCT_NAME = "$(TARGET_NAME)";
				SWIFT_VERSION = 5.0;
				TARGETED_DEVICE_FAMILY = "1,2";
				TEST_TARGET_NAME = callloop;
			};
			name = Debug;
		};
		04DB502B25E689AF00226D54 /* Release */ = {
			isa = XCBuildConfiguration;
			buildSettings = {
				ALWAYS_EMBED_SWIFT_STANDARD_LIBRARIES = YES;
				CODE_SIGN_STYLE = Automatic;
				INFOPLIST_FILE = callloopUITests/Info.plist;
				LD_RUNPATH_SEARCH_PATHS = (
					"$(inherited)",
					"@executable_path/Frameworks",
					"@loader_path/Frameworks",
				);
				PRODUCT_BUNDLE_IDENTIFIER = com.normal.callloopUITests;
				PRODUCT_NAME = "$(TARGET_NAME)";
				SWIFT_VERSION = 5.0;
				TARGETED_DEVICE_FAMILY = "1,2";
				TEST_TARGET_NAME = callloop;
			};
			name = Release;
		};
/* End XCBuildConfiguration section */

/* Begin XCConfigurationList section */
		04DB4FF425E689AC00226D54 /* Build configuration list for PBXProject "callloop" */ = {
			isa = XCConfigurationList;
			buildConfigurations = (
				04DB502125E689AF00226D54 /* Debug */,
				04DB502225E689AF00226D54 /* Release */,
			);
			defaultConfigurationIsVisible = 0;
			defaultConfigurationName = Release;
		};
		04DB502325E689AF00226D54 /* Build configuration list for PBXNativeTarget "callloop" */ = {
			isa = XCConfigurationList;
			buildConfigurations = (
				04DB502425E689AF00226D54 /* Debug */,
				04DB502525E689AF00226D54 /* Release */,
			);
			defaultConfigurationIsVisible = 0;
			defaultConfigurationName = Release;
		};
		04DB502625E689AF00226D54 /* Build configuration list for PBXNativeTarget "callloopTests" */ = {
			isa = XCConfigurationList;
			buildConfigurations = (
				04DB502725E689AF00226D54 /* Debug */,
				04DB502825E689AF00226D54 /* Release */,
			);
			defaultConfigurationIsVisible = 0;
			defaultConfigurationName = Release;
		};
		04DB502925E689AF00226D54 /* Build configuration list for PBXNativeTarget "callloopUITests" */ = {
			isa = XCConfigurationList;
			buildConfigurations = (
				04DB502A25E689AF00226D54 /* Debug */,
				04DB502B25E689AF00226D54 /* Release */,
			);
			defaultConfigurationIsVisible = 0;
			defaultConfigurationName = Release;
		};
/* End XCConfigurationList section */
	};
	rootObject = 04DB4FF125E689AC00226D54 /* Project object */;
}
