// !$*UTF8*$!
{
	archiveVersion = 1;
	classes = {
	};
	objectVersion = 50;
	objects = {

/* Begin PBXBuildFile section */
		04DB4FFD25E689AC00226D54 /* AppDelegate.swift in Sources */ = {isa = PBXBuildFile; fileRef = 04DB4FFC25E689AC00226D54 /* AppDelegate.swift */; };
		04DB4FFF25E689AC00226D54 /* SceneDelegate.swift in Sources */ = {isa = PBXBuildFile; fileRef = 04DB4FFE25E689AC00226D54 /* SceneDelegate.swift */; };
		04DB500125E689AC00226D54 /* ViewController.swift in Sources */ = {isa = PBXBuildFile; fileRef = 04DB500025E689AC00226D54 /* ViewController.swift */; };
		04DB500425E689AC00226D54 /* Main.storyboard in Resources */ = {isa = PBXBuildFile; fileRef = 04DB500225E689AC00226D54 /* Main.storyboard */; };
		04DB500625E689AE00226D54 /* Assets.xcassets in Resources */ = {isa = PBXBuildFile; fileRef = 04DB500525E689AE00226D54 /* Assets.xcassets */; };
		04DB500925E689AE00226D54 /* LaunchScreen.storyboard in Resources */ = {isa = PBXBuildFile; fileRef = 04DB500725E689AE00226D54 /* LaunchScreen.storyboard */; };
		04DB501425E689AF00226D54 /* callloopTests.swift in Sources */ = {isa = PBXBuildFile; fileRef = 04DB501325E689AF00226D54 /* callloopTests.swift */; };
		04DB501F25E689AF00226D54 /* callloopUITests.swift in Sources */ = {isa = PBXBuildFile; fileRef = 04DB501E25E689AF00226D54 /* callloopUITests.swift */; };
/* End PBXBuildFile section */

/* Begin PBXContainerItemProxy section */
		04DB501025E689AF00226D54 /* PBXContainerItemProxy */ = {
			isa = PBXContainerItemProxy;
			containerPortal = 04DB4FF125E689AC00226D54 /* Project object */;
			proxyType = 1;
			remoteGlobalIDString = 04DB4FF825E689AC00226D54;
			remoteInfo = callloop;
		};
		04DB501B25E689AF00226D54 /* PBXContainerItemProxy */ = {
			isa = PBXContainerItemProxy;
			containerPortal = 04DB4FF125E689AC00226D54 /* Project object */;
			proxyType = 1;
			remoteGlobalIDString = 04DB4FF825E689AC00226D54;
			remoteInfo = callloop;
		};
/* End PBXContainerItemProxy section */

/* Begin PBXFileReference section */
		04DB4FF925E689AC00226D54 /* callloop.app */ = {isa = PBXFileReference; explicitFileType = wrapper.application; includeInIndex = 0; path = callloop.app; sourceTree = BUILT_PRODUCTS_DIR; };
		04DB4FFC25E689AC00226D54 /* AppDelegate.swift */ = {isa = PBXFileReference; lastKnownFileType = sourcecode.swift; path = AppDelegate.swift; sourceTree = "<group>"; };
		04DB4FFE25E689AC00226D54 /* SceneDelegate.swift */ = {isa = PBXFileReference; lastKnownFileType = sourcecode.swift; path = SceneDelegate.swift; sourceTree = "<group>"; };
		04DB500025E689AC00226D54 /* ViewController.swift */ = {isa = PBXFileReference; lastKnownFileType = sourcecode.swift; path = ViewController.swift; sourceTree = "<group>"; };
		04DB500325E689AC00226D54 /* Base */ = {isa = PBXFileReference; lastKnownFileType = file.storyboard; name = Base; path = Base.lproj/Main.storyboard; sourceTree = "<group>"; };
		04DB500525E689AE00226D54 /* Assets.xcassets */ = {isa = PBXFileReference; lastKnownFileType = folder.assetcatalog; path = Assets.xcassets; sourceTree = "<group>"; };
		04DB500825E689AE00226D54 /* Base */ = {isa = PBXFileReference; lastKnownFileType = file.storyboard; name = Base; path = Base.lproj/LaunchScreen.storyboard; sourceTree = "<group>"; };
		04DB500A25E689AE00226D54 /* Info.plist */ = {isa = PBXFileReference; lastKnownFileType = text.plist.xml; path = Info.plist; sourceTree = "<group>"; };
		04DB500F25E689AF00226D54 /* callloopTests.xctest */ = {isa = PBXFileReference; explicitFileType = wrapper.cfbundle; includeInIndex = 0; path = callloopTests.xctest; sourceTree = BUILT_PRODUCTS_DIR; };
		04DB501325E689AF00226D54 /* callloopTests.swift */ = {isa = PBXFileReference; lastKnownFileType = sourcecode.swift; path = callloopTests.swift; sourceTree = "<group>"; };
		04DB501525E689AF00226D54 /* Info.plist */ = {isa = PBXFileReference; lastKnownFileType = text.plist.xml; path = Info.plist; sourceTree = "<group>"; };
		04DB501A25E689AF00226D54 /* callloopUITests.xctest */ = {isa = PBXFileReference; explicitFileType = wrapper.cfbundle; includeInIndex = 0; path = callloopUITests.xctest; sourceTree = BUILT_PRODUCTS_DIR; };
		04DB501E25E689AF00226D54 /* callloopUITests.swift */ = {isa = PBXFileReference; lastKnownFileType = sourcecode.swift; path = callloopUITests.swift; sourceTree = "<group>"; };
		04DB502025E689AF00226D54 /* Info.plist */ = {isa = PBXFileReference; lastKnownFileType = text.plist.xml; path = Info.plist; sourceTree = "<group>"; };
/* End PBXFileReference section */

/* Begin PBXFrameworksBuildPhase section */
		04DB4FF625E689AC00226D54 /* Frameworks */ = {
			isa = PBXFrameworksBuildPhase;
			buildActionMask = 2147483647;
			files = (
			);
			runOnlyForDeploymentPostprocessing = 0;
		};
		04DB500C25E689AF00226D54 /* Frameworks */ = {
			isa = PBXFrameworksBuildPhase;
			buildActionMask = 2147483647;
			files = (
			);
			runOnlyForDeploymentPostprocessing = 0;
		};
		04DB501725E689AF00226D54 /* Frameworks */ = {
			isa = PBXFrameworksBuildPhase;
			buildActionMask = 2147483647;
			files = (
			);
			runOnlyForDeploymentPostprocessing = 0;
		};
/* End PBXFrameworksBuildPhase section */

/* Begin PBXGroup section */
		04DB4FF025E689AC00226D54 = {
			isa = PBXGroup;
			children = (
				04DB4FFB25E689AC00226D54 /* callloop */,
				04DB501225E689AF00226D54 /* callloopTests */,
				04DB501D25E689AF00226D54 /* callloopUITests */,
				04DB4FFA25E689AC00226D54 /* Products */,
			);
			sourceTree = "<group>";
		};
		04DB4FFA25E689AC00226D54 /* Products */ = {
			isa = PBXGroup;
			children = (
				04DB4FF925E689AC00226D54 /* callloop.app */,
				04DB500F25E689AF00226D54 /* callloopTests.xctest */,
				04DB501A25E689AF00226D54 /* callloopUITests.xctest */,
			);
			name = Products;
			sourceTree = "<group>";
		};
		04DB4FFB25E689AC00226D54 /* callloop */ = {
			isa = PBXGroup;
			children = (
				04DB4FFC25E689AC00226D54 /* AppDelegate.swift */,
				04DB4FFE25E689AC00226D54 /* SceneDelegate.swift */,
				04DB500025E689AC00226D54 /* ViewController.swift */,
				04DB500225E689AC00226D54 /* Main.storyboard */,
				04DB500525E689AE00226D54 /* Assets.xcassets */,
				04DB500725E689AE00226D54 /* LaunchScreen.storyboard */,
				04DB500A25E689AE00226D54 /* Info.plist */,
			);
			path = callloop;
			sourceTree = "<group>";
		};
		04DB501225E689AF00226D54 /* callloopTests */ = {
			isa = PBXGroup;
			children = (
				04DB501325E689AF00226D54 /* callloopTests.swift */,
				04DB501525E689AF00226D54 /* Info.plist */,
			);
			path = callloopTests;
			sourceTree = "<group>";
		};
		04DB501D25E689AF00226D54 /* callloopUITests */ = {
			isa = PBXGroup;
			children = (
				04DB501E25E689AF00226D54 /* callloopUITests.swift */,
				04DB502025E689AF00226D54 /* Info.plist */,
			);
			path = callloopUITests;
			sourceTree = "<group>";
		};
/* End PBXGroup section */

/* Begin PBXNativeTarget section */
		04DB4FF825E689AC00226D54 /* callloop */ = {
			isa = PBXNativeTarget;
			buildConfigurationList = 04DB502325E689AF00226D54 /* Build configuration list for PBXNativeTarget "callloop" */;
			buildPhases = (
				04DB4FF525E689AC00226D54 /* Sources */,
				04DB4FF625E689AC00226D54 /* Frameworks */,
				04DB4FF725E689AC00226D54 /* Resources */,
			);
			buildRules = (
			);
			dependencies = (
			);
			name = callloop;
			productName = callloop;
			productReference = 04DB4FF925E689AC00226D54 /* callloop.app */;
			productType = "com.apple.product-type.application";
		};
		04DB500E25E689AF00226D54 /* callloopTests */ = {
			isa = PBXNativeTarget;
			buildConfigurationList = 04DB502625E689AF00226D54 /* Build configuration list for PBXNativeTarget "callloopTests" */;
			buildPhases = (
				04DB500B25E689AF00226D54 /* Sources */,
				04DB500C25E689AF00226D54 /* Frameworks */,
				04DB500D25E689AF00226D54 /* Resources */,
			);
			buildRules = (
			);
			dependencies = (
				04DB501125E689AF00226D54 /* PBXTargetDependency */,
			);
			name = callloopTests;
			productName = callloopTests;
			productReference = 04DB500F25E689AF00226D54 /* callloopTests.xctest */;
			productType = "com.apple.product-type.bundle.unit-test";
		};
		04DB501925E689AF00226D54 /* callloopUITests */ = {
			isa = PBXNativeTarget;
			buildConfigurationList = 04DB502925E689AF00226D54 /* Build configuration list for PBXNativeTarget "callloopUITests" */;
			buildPhases = (
				04DB501625E689AF00226D54 /* Sources */,
				04DB501725E689AF00226D54 /* Frameworks */,
				04DB501825E689AF00226D54 /* Resources */,
			);
			buildRules = (
			);
			dependencies = (
				04DB501C25E689AF00226D54 /* PBXTargetDependency */,
			);
			name = callloopUITests;
			productName = callloopUITests;
			productReference = 04DB501A25E689AF00226D54 /* callloopUITests.xctest */;
			productType = "com.apple.product-type.bundle.ui-testing";
		};
/* End PBXNativeTarget section */

/* Begin PBXProject section */
		04DB4FF125E689AC00226D54 /* Project object */ = {
			isa = PBXProject;
			attributes = {
				LastSwiftUpdateCheck = 1110;
				LastUpgradeCheck = 1110;
				ORGANIZATIONNAME = watts;
				TargetAttributes = {
					04DB4FF825E689AC00226D54 = {
						CreatedOnToolsVersion = 11.1;
					};
					04DB500E25E689AF00226D54 = {
						CreatedOnToolsVersion = 11.1;
						TestTargetID = 04DB4FF825E689AC00226D54;
					};
					04DB501925E689AF00226D54 = {
						CreatedOnToolsVersion = 11.1;
						TestTargetID = 04DB4FF825E689AC00226D54;
					};
				};
			};
			buildConfigurationList = 04DB4FF425E689AC00226D54 /* Build configuration list for PBXProject "callloop" */;
			compatibilityVersion = "Xcode 9.3";
			developmentRegion = en;
			hasScannedForEncodings = 0;
			knownRegions = (
				en,
				Base,
			);
			mainGroup = 04DB4FF025E689AC00226D54;
			productRefGroup = 04DB4FFA25E689AC00226D54 /* Products */;
			projectDirPath = "";
			projectRoot = "";
			targets = (
				04DB4FF825E689AC00226D54 /* callloop */,
				04DB500E25E689AF00226D54 /* callloopTests */,
				04DB501925E689AF00226D54 /* callloopUITests */,
			);
		};
/* End PBXProject section */

/* Begin PBXResourcesBuildPhase section */
		04DB4FF725E689AC00226D54 /* Resources */ = {
			isa = PBXResourcesBuildPhase;
			buildActionMask = 2147483647;
			files = (
				04DB500925E689AE00226D54 /* LaunchScreen.storyboard in Resources */,
				04DB500625E689AE00226D54 /* Assets.xcassets in Resources */,
				04DB500425E689AC00226D54 /* Main.storyboard in Resources */,
			);
			runOnlyForDeploymentPostprocessing = 0;
		};
		04DB500D25E689AF00226D54 /* Resources */ = {
			isa = PBXResourcesBuildPhase;
			buildActionMask = 2147483647;
			files = (
			);
			runOnlyForDeploymentPostprocessing = 0;
		};
		04DB501825E689AF00226D54 /* Resources */ = {
			isa = PBXResourcesBuildPhase;
			buildActionMask = 2147483647;
			files = (
			);
			runOnlyForDeploymentPostprocessing = 0;
		};
/* End PBXResourcesBuildPhase section */

/* Begin PBXSourcesBuildPhase section */
		04DB4FF525E689AC00226D54 /* Sources */ = {
			isa = PBXSourcesBuildPhase;
			buildActionMask = 2147483647;
			files = (
				04DB500125E689AC00226D54 /* ViewController.swift in Sources */,
				04DB4FFD25E689AC00226D54 /* AppDelegate.swift in Sources */,
				04DB4FFF25E689AC00226D54 /* SceneDelegate.swift in Sources */,
			);
			runOnlyForDeploymentPostprocessing = 0;
		};
		04DB500B25E689AF00226D54 /* Sources */ = {
			isa = PBXSourcesBuildPhase;
			buildActionMask = 2147483647;
			files = (
				04DB501425E689AF00226D54 /* callloopTests.swift in Sources */,
			);
			runOnlyForDeploymentPostprocessing = 0;
		};
		04DB501625E689AF00226D54 /* Sources */ = {
			isa = PBXSourcesBuildPhase;
			buildActionMask = 2147483647;
			files = (
				04DB501F25E689AF00226D54 /* callloopUITests.swift in Sources */,
			);
			runOnlyForDeploymentPostprocessing = 0;
		};
/* End PBXSourcesBuildPhase section */

/* Begin PBXTargetDependency section */
		04DB501125E689AF00226D54 /* PBXTargetDependency */ = {
			isa = PBXTargetDependency;
			target = 04DB4FF825E689AC00226D54 /* callloop */;
			targetProxy = 04DB501025E689AF00226D54 /* PBXContainerItemProxy */;
		};
		04DB501C25E689AF00226D54 /* PBXTargetDependency */ = {
			isa = PBXTargetDependency;
			target = 04DB4FF825E689AC00226D54 /* callloop */;
			targetProxy = 04DB501B25E689AF00226D54 /* PBXContainerItemProxy */;
		};
/* End PBXTargetDependency section */

/* Begin PBXVariantGroup section */
		04DB500225E689AC00226D54 /* Main.storyboard */ = {
			isa = PBXVariantGroup;
			children = (
				04DB500325E689AC00226D54 /* Base */,
			);
			name = Main.storyboard;
			sourceTree = "<group>";
		};
		04DB500725E689AE00226D54 /* LaunchScreen.storyboard */ = {
			isa = PBXVariantGroup;
			children = (
				04DB500825E689AE00226D54 /* Base */,
			);
			name = LaunchScreen.storyboard;
			sourceTree = "<group>";
		};
/* End PBXVariantGroup section */

/* Begin XCBuildConfiguration section */
		04DB502125E689AF00226D54 /* Debug */ = {
			isa = XCBuildConfiguration;
			buildSettings = {
				ALWAYS_SEARCH_USER_PATHS = NO;
				CLANG_ANALYZER_NONNULL = YES;
				CLANG_ANALYZER_NUMBER_OBJECT_CONVERSION = YES_AGGRESSIVE;
				CLANG_CXX_LANGUAGE_STANDARD = "gnu++14";
				CLANG_CXX_LIBRARY = "libc++";
				CLANG_ENABLE_MODULES = YES;
				CLANG_ENABLE_OBJC_ARC = YES;
				CLANG_ENABLE_OBJC_WEAK = YES;
				CLANG_WARN_BLOCK_CAPTURE_AUTORELEASING = YES;
				CLANG_WARN_BOOL_CONVERSION = YES;
				CLANG_WARN_COMMA = YES;
				CLANG_WARN_CONSTANT_CONVERSION = YES;
				CLANG_WARN_DEPRECATED_OBJC_IMPLEMENTATIONS = YES;
				CLANG_WARN_DIRECT_OBJC_ISA_USAGE = YES_ERROR;
				CLANG_WARN_DOCUMENTATION_COMMENTS = YES;
				CLANG_WARN_EMPTY_BODY = YES;
				CLANG_WARN_ENUM_CONVERSION = YES;
				CLANG_WARN_INFINITE_RECURSION = YES;
				CLANG_WARN_INT_CONVERSION = YES;
				CLANG_WARN_NON_LITERAL_NULL_CONVERSION = YES;
				CLANG_WARN_OBJC_IMPLICIT_RETAIN_SELF = YES;
				CLANG_WARN_OBJC_LITERAL_CONVERSION = YES;
				CLANG_WARN_OBJC_ROOT_CLASS = YES_ERROR;
				CLANG_WARN_RANGE_LOOP_ANALYSIS = YES;
				CLANG_WARN_STRICT_PROTOTYPES = YES;
				CLANG_WARN_SUSPICIOUS_MOVE = YES;
				CLANG_WARN_UNGUARDED_AVAILABILITY = YES_AGGRESSIVE;
				CLANG_WARN_UNREACHABLE_CODE = YES;
				CLANG_WARN__DUPLICATE_METHOD_MATCH = YES;
				COPY_PHASE_STRIP = NO;
				DEBUG_INFORMATION_FORMAT = dwarf;
				ENABLE_STRICT_OBJC_MSGSEND = YES;
				ENABLE_TESTABILITY = YES;
				GCC_C_LANGUAGE_STANDARD = gnu11;
				GCC_DYNAMIC_NO_PIC = NO;
				GCC_NO_COMMON_BLOCKS = YES;
				GCC_OPTIMIZATION_LEVEL = 0;
				GCC_PREPROCESSOR_DEFINITIONS = (
					"DEBUG=1",
					"$(inherited)",
				);
				GCC_WARN_64_TO_32_BIT_CONVERSION = YES;
				GCC_WARN_ABOUT_RETURN_TYPE = YES_ERROR;
				GCC_WARN_UNDECLARED_SELECTOR = YES;
				GCC_WARN_UNINITIALIZED_AUTOS = YES_AGGRESSIVE;
				GCC_WARN_UNUSED_FUNCTION = YES;
				GCC_WARN_UNUSED_VARIABLE = YES;
				IPHONEOS_DEPLOYMENT_TARGET = 13.1;
				MTL_ENABLE_DEBUG_INFO = INCLUDE_SOURCE;
				MTL_FAST_MATH = YES;
				ONLY_ACTIVE_ARCH = YES;
				SDKROOT = iphoneos;
				SWIFT_ACTIVE_COMPILATION_CONDITIONS = DEBUG;
				SWIFT_OPTIMIZATION_LEVEL = "-Onone";
			};
			name = Debug;
		};
		04DB502225E689AF00226D54 /* Release */ = {
			isa = XCBuildConfiguration;
			buildSettings = {
				ALWAYS_SEARCH_USER_PATHS = NO;
				CLANG_ANALYZER_NONNULL = YES;
				CLANG_ANALYZER_NUMBER_OBJECT_CONVERSION = YES_AGGRESSIVE;
				CLANG_CXX_LANGUAGE_STANDARD = "gnu++14";
				CLANG_CXX_LIBRARY = "libc++";
				CLANG_ENABLE_MODULES = YES;
				CLANG_ENABLE_OBJC_ARC = YES;
				CLANG_ENABLE_OBJC_WEAK = YES;
				CLANG_WARN_BLOCK_CAPTURE_AUTORELEASING = YES;
				CLANG_WARN_BOOL_CONVERSION = YES;
				CLANG_WARN_COMMA = YES;
				CLANG_WARN_CONSTANT_CONVERSION = YES;
				CLANG_WARN_DEPRECATED_OBJC_IMPLEMENTATIONS = YES;
				CLANG_WARN_DIRECT_OBJC_ISA_USAGE = YES_ERROR;
				CLANG_WARN_DOCUMENTATION_COMMENTS = YES;
				CLANG_WARN_EMPTY_BODY = YES;
				CLANG_WARN_ENUM_CONVERSION = YES;
				CLANG_WARN_INFINITE_RECURSION = YES;
				CLANG_WARN_INT_CONVERSION = YES;
				CLANG_WARN_NON_LITERAL_NULL_CONVERSION = YES;
				CLANG_WARN_OBJC_IMPLICIT_RETAIN_SELF = YES;
				CLANG_WARN_OBJC_LITERAL_CONVERSION = YES;
				CLANG_WARN_OBJC_ROOT_CLASS = YES_ERROR;
				CLANG_WARN_RANGE_LOOP_ANALYSIS = YES;
				CLANG_WARN_STRICT_PROTOTYPES = YES;
				CLANG_WARN_SUSPICIOUS_MOVE = YES;
				CLANG_WARN_UNGUARDED_AVAILABILITY = YES_AGGRESSIVE;
				CLANG_WARN_UNREACHABLE_CODE = YES;
				CLANG_WARN__DUPLICATE_METHOD_MATCH = YES;
				COPY_PHASE_STRIP = NO;
				DEBUG_INFORMATION_FORMAT = "dwarf-with-dsym";
				ENABLE_NS_ASSERTIONS = NO;
				ENABLE_STRICT_OBJC_MSGSEND = YES;
				GCC_C_LANGUAGE_STANDARD = gnu11;
				GCC_NO_COMMON_BLOCKS = YES;
				GCC_WARN_64_TO_32_BIT_CONVERSION = YES;
				GCC_WARN_ABOUT_RETURN_TYPE = YES_ERROR;
				GCC_WARN_UNDECLARED_SELECTOR = YES;
				GCC_WARN_UNINITIALIZED_AUTOS = YES_AGGRESSIVE;
				GCC_WARN_UNUSED_FUNCTION = YES;
				GCC_WARN_UNUSED_VARIABLE = YES;
				IPHONEOS_DEPLOYMENT_TARGET = 13.1;
				MTL_ENABLE_DEBUG_INFO = NO;
				MTL_FAST_MATH = YES;
				SDKROOT = iphoneos;
				SWIFT_COMPILATION_MODE = wholemodule;
				SWIFT_OPTIMIZATION_LEVEL = "-O";
				VALIDATE_PRODUCT = YES;
			};
			name = Release;
		};
		04DB502425E689AF00226D54 /* Debug */ = {
			isa = XCBuildConfiguration;
			buildSettings = {
				ASSETCATALOG_COMPILER_APPICON_NAME = AppIcon;
				CODE_SIGN_STYLE = Automatic;
				INFOPLIST_FILE = callloop/Info.plist;
				LD_RUNPATH_SEARCH_PATHS = (
					"$(inherited)",
					"@executable_path/Frameworks",
				);
				PRODUCT_BUNDLE_IDENTIFIER = com.normal.callloop;
				PRODUCT_NAME = "$(TARGET_NAME)";
				SWIFT_VERSION = 5.0;
				TARGETED_DEVICE_FAMILY = "1,2";
			};
			name = Debug;
		};
		04DB502525E689AF00226D54 /* Release */ = {
			isa = XCBuildConfiguration;
			buildSettings = {
				ASSETCATALOG_COMPILER_APPICON_NAME = AppIcon;
				CODE_SIGN_STYLE = Automatic;
				INFOPLIST_FILE = callloop/Info.plist;
				LD_RUNPATH_SEARCH_PATHS = (
					"$(inherited)",
					"@executable_path/Frameworks",
				);
				PRODUCT_BUNDLE_IDENTIFIER = com.normal.callloop;
				PRODUCT_NAME = "$(TARGET_NAME)";
				SWIFT_VERSION = 5.0;
				TARGETED_DEVICE_FAMILY = "1,2";
			};
			name = Release;
		};
		04DB502725E689AF00226D54 /* Debug */ = {
			isa = XCBuildConfiguration;
			buildSettings = {
				ALWAYS_EMBED_SWIFT_STANDARD_LIBRARIES = YES;
				BUNDLE_LOADER = "$(TEST_HOST)";
				CODE_SIGN_STYLE = Automatic;
				INFOPLIST_FILE = callloopTests/Info.plist;
				IPHONEOS_DEPLOYMENT_TARGET = 13.1;
				LD_RUNPATH_SEARCH_PATHS = (
					"$(inherited)",
					"@executable_path/Frameworks",
					"@loader_path/Frameworks",
				);
				PRODUCT_BUNDLE_IDENTIFIER = com.normal.callloopTests;
				PRODUCT_NAME = "$(TARGET_NAME)";
				SWIFT_VERSION = 5.0;
				TARGETED_DEVICE_FAMILY = "1,2";
				TEST_HOST = "$(BUILT_PRODUCTS_DIR)/callloop.app/callloop";
			};
			name = Debug;
		};
		04DB502825E689AF00226D54 /* Release */ = {
			isa = XCBuildConfiguration;
			buildSettings = {
				ALWAYS_EMBED_SWIFT_STANDARD_LIBRARIES = YES;
				BUNDLE_LOADER = "$(TEST_HOST)";
				CODE_SIGN_STYLE = Automatic;
				INFOPLIST_FILE = callloopTests/Info.plist;
				IPHONEOS_DEPLOYMENT_TARGET = 13.1;
				LD_RUNPATH_SEARCH_PATHS = (
					"$(inherited)",
					"@executable_path/Frameworks",
					"@loader_path/Frameworks",
				);
				PRODUCT_BUNDLE_IDENTIFIER = com.normal.callloopTests;
				PRODUCT_NAME = "$(TARGET_NAME)";
				SWIFT_VERSION = 5.0;
				TARGETED_DEVICE_FAMILY = "1,2";
				TEST_HOST = "$(BUILT_PRODUCTS_DIR)/callloop.app/callloop";
			};
			name = Release;
		};
		04DB502A25E689AF00226D54 /* Debug */ = {
			isa = XCBuildConfiguration;
			buildSettings = {
				ALWAYS_EMBED_SWIFT_STANDARD_LIBRARIES = YES;
				CODE_SIGN_STYLE = Automatic;
				INFOPLIST_FILE = callloopUITests/Info.plist;
				LD_RUNPATH_SEARCH_PATHS = (
					"$(inherited)",
					"@executable_path/Frameworks",
					"@loader_path/Frameworks",
				);
				PRODUCT_BUNDLE_IDENTIFIER = com.normal.callloopUITests;
				PRODUCT_NAME = "$(TARGET_NAME)";
				SWIFT_VERSION = 5.0;
				TARGETED_DEVICE_FAMILY = "1,2";
				TEST_TARGET_NAME = callloop;
			};
			name = Debug;
		};
		04DB502B25E689AF00226D54 /* Release */ = {
			isa = XCBuildConfiguration;
			buildSettings = {
				ALWAYS_EMBED_SWIFT_STANDARD_LIBRARIES = YES;
				CODE_SIGN_STYLE = Automatic;
				INFOPLIST_FILE = callloopUITests/Info.plist;
				LD_RUNPATH_SEARCH_PATHS = (
					"$(inherited)",
					"@executable_path/Frameworks",
					"@loader_path/Frameworks",
				);
				PRODUCT_BUNDLE_IDENTIFIER = com.normal.callloopUITests;
				PRODUCT_NAME = "$(TARGET_NAME)";
				SWIFT_VERSION = 5.0;
				TARGETED_DEVICE_FAMILY = "1,2";
				TEST_TARGET_NAME = callloop;
			};
			name = Release;
		};
/* End XCBuildConfiguration section */

/* Begin XCConfigurationList section */
		04DB4FF425E689AC00226D54 /* Build configuration list for PBXProject "callloop" */ = {
			isa = XCConfigurationList;
			buildConfigurations = (
				04DB502125E689AF00226D54 /* Debug */,
				04DB502225E689AF00226D54 /* Release */,
			);
			defaultConfigurationIsVisible = 0;
			defaultConfigurationName = Release;
		};
		04DB502325E689AF00226D54 /* Build configuration list for PBXNativeTarget "callloop" */ = {
			isa = XCConfigurationList;
			buildConfigurations = (
				04DB502425E689AF00226D54 /* Debug */,
				04DB502525E689AF00226D54 /* Release */,
			);
			defaultConfigurationIsVisible = 0;
			defaultConfigurationName = Release;
		};
		04DB502625E689AF00226D54 /* Build configuration list for PBXNativeTarget "callloopTests" */ = {
			isa = XCConfigurationList;
			buildConfigurations = (
				04DB502725E689AF00226D54 /* Debug */,
				04DB502825E689AF00226D54 /* Release */,
			);
			defaultConfigurationIsVisible = 0;
			defaultConfigurationName = Release;
		};
		04DB502925E689AF00226D54 /* Build configuration list for PBXNativeTarget "callloopUITests" */ = {
			isa = XCConfigurationList;
			buildConfigurations = (
				04DB502A25E689AF00226D54 /* Debug */,
				04DB502B25E689AF00226D54 /* Release */,
			);
			defaultConfigurationIsVisible = 0;
			defaultConfigurationName = Release;
		};
/* End XCConfigurationList section */
	};
	rootObject = 04DB4FF125E689AC00226D54 /* Project object */;
}
